
Microsoft Visual Studio Solution File, Format Version 12.00
# Visual Studio Version 17
VisualStudioVersion = 17.5.002.0
MinimumVisualStudioVersion = 10.0.40219.1
Project("{9A19103F-16F7-4668-BE54-9A1E7A4F7556}") = "LinqDemoCode", "LinqDemoCode.csproj", "{3CC510BD-766B-4318-B6AE-E4DEBD3791C6}"
EndProject
Global
	GlobalSection(SolutionConfigurationPlatforms) = preSolution
		Debug|Any CPU = Debug|Any CPU
		Release|Any CPU = Release|Any CPU
	EndGlobalSection
	GlobalSection(ProjectConfigurationPlatforms) = postSolution
		{3CC510BD-766B-4318-B6AE-E4DEBD3791C6}.Debug|Any CPU.ActiveCfg = Debug|Any CPU
		{3CC510BD-766B-4318-B6AE-E4DEBD3791C6}.Debug|Any CPU.Build.0 = Debug|Any CPU
		{3CC510BD-766B-4318-B6AE-E4DEBD3791C6}.Release|Any CPU.ActiveCfg = Release|Any CPU
		{3CC510BD-766B-4318-B6AE-E4DEBD3791C6}.Release|Any CPU.Build.0 = Release|Any CPU
	EndGlobalSection
	GlobalSection(SolutionProperties) = preSolution
		HideSolutionNode = FALSE
	EndGlobalSection
	GlobalSection(ExtensibilityGlobals) = postSolution
		SolutionGuid = {444989C8-13D1-4C52-9111-1A10A081EF57}
	EndGlobalSection
EndGlobal
